dependencies:
  espressif/esp_codec_dev:
    component_hash: 1a3a2e518cd8b52e8796ec393a4050977f8f113599056faf085a02a57e194f86
    dependencies:
    - name: idf
      require: private
      version: '>=4.0'
    source:
      registry_url: https://components.espressif.com/
      type: service
    version: 1.1.0
  espressif/led_strip:
    component_hash: 28c6509a727ef74925b372ed404772aeedf11cce10b78c3f69b3c66799095e2d
    dependencies:
    - name: idf
      require: private
      version: '>=4.4'
    source:
      registry_url: https://components.espressif.com/
      type: service
    version: 2.5.5
  espressif/mdns:
    component_hash: 1ebe3bd675bb9d1c58f52bc0b609b32f74e572b01c328f9e61282040c775495c
    dependencies:
    - name: idf
      require: private
      version: '>=5.0'
    source:
      registry_url: https://components.espressif.com/
      type: service
    version: 1.11.0
  idf:
    source:
      type: idf
    version: 5.4.4
direct_dependencies:
- espressif/esp_codec_dev
- espressif/led_strip
- espressif/mdns
manifest_hash: bb2ac0708e743e7564e19f77367dac1298d8bcf13d5cdd60a2a8d57b5908b4f6
target: esp32
version: 2.0.0
